# This file is automatically @generated by Cargo.
# It is not intended for manual editing.
version = 3

[[package]]
name = "autocfg"
version = "1.1.0"
source = "registry+https://github.com/rust-lang/crates.io-index"
checksum = "d468802bab17cbc0cc575e9b053f41e72aa36bfa6b7f55e3529ffa43161b97fa"

[[package]]
name = "byteorder"
version = "1.2.3"
source = "registry+https://github.com/rust-lang/crates.io-index"
checksum = "74c0b906e9446b0a2e4f760cdb3fa4b2c48cdc6db8766a845c54b6ff063fd2e9"

[[package]]
name = "capnp"
version = "0.8.17"
source = "registry+https://github.com/rust-lang/crates.io-index"
checksum = "6565c3d71656d15ecd36ed98ad769de1fd55c990a426f4c865f80ace97aa1162"
dependencies = [
 "byteorder",
 "futures",
]

[[package]]
name = "capnp-futures"
version = "0.1.1"
source = "registry+https://github.com/rust-lang/crates.io-index"
checksum = "1b12f9d23b322429af59176bf778d1ae46a4c5e55375818509f9c2f2a11bed7a"
dependencies = [
 "byteorder",
 "capnp",
 "futures",
]

[[package]]
name = "capnp-rpc"
version = "0.8.3"
source = "registry+https://github.com/rust-lang/crates.io-index"
checksum = "70f14a7334022d7099d1acec8b9dc0802ce4dd6d035cbf59f9c3a798582ba00d"
dependencies = [
 "capnp",
 "capnp-futures",
 "capnpc",
 "futures",
]

[[package]]
name = "capnpc"
version = "0.8.9"
source = "registry+https://github.com/rust-lang/crates.io-index"
checksum = "205d5ba2ff15737f80817ba9b1e9e5d5cdb99d832be830a048033ad2e5bb2871"
dependencies = [
 "capnp",
]

[[package]]
name = "futures"
version = "0.1.21"
source = "registry+https://github.com/rust-lang/crates.io-index"
checksum = "1a70b146671de62ec8c8ed572219ca5d594d9b06c0b364d5e67b722fc559b48c"

[[package]]
name = "pin-project-lite"
version = "0.2.9"
source = "registry+https://github.com/rust-lang/crates.io-index"
checksum = "e0a7ae3ac2f1173085d398531c705756c94a4c56843785df85a60c1a0afac116"

[[package]]
name = "rpc-fun"
version = "0.1.0"
dependencies = [
 "capnp",
 "capnp-rpc",
 "capnpc",
 "futures",
 "tokio",
]

[[package]]
name = "tokio"
version = "1.8.4"
source = "registry+https://github.com/rust-lang/crates.io-index"
checksum = "50dae83881bc9b0403dd5b44ea9deed3e939856cc8722d5be37f0d6e5c6d53dd"
dependencies = [
 "autocfg",
 "pin-project-lite",
]
